
Microsoft Visual Studio Solution File, Format Version 12.00
# Visual Studio 15
VisualStudioVersion = 15.0.27130.2024
MinimumVisualStudioVersion = 10.0.40219.1
Project("{FAE04EC0-301F-11D3-BF4B-00C04F79EFBC}") = "DiscGolfApp", "WebApplication1\DiscGolfApp.csproj", "{89876F09-B326-42F5-A978-D2FA8DF1C703}"
EndProject
Global
	GlobalSection(SolutionConfigurationPlatforms) = preSolution
		Debug|Any CPU = Debug|Any CPU
		Release|Any CPU = Release|Any CPU
	EndGlobalSection
	GlobalSection(ProjectConfigurationPlatforms) = postSolution
		{89876F09-B326-42F5-A978-D2FA8DF1C703}.Debug|Any CPU.ActiveCfg = Debug|Any CPU
		{89876F09-B326-42F5-A978-D2FA8DF1C703}.Debug|Any CPU.Build.0 = Debug|Any CPU
		{89876F09-B326-42F5-A978-D2FA8DF1C703}.Release|Any CPU.ActiveCfg = Release|Any CPU
		{89876F09-B326-42F5-A978-D2FA8DF1C703}.Release|Any CPU.Build.0 = Release|Any CPU
	EndGlobalSection
	GlobalSection(SolutionProperties) = preSolution
		HideSolutionNode = FALSE
	EndGlobalSection
	GlobalSection(ExtensibilityGlobals) = postSolution
		SolutionGuid = {C02F0D18-7481-41E0-8D04-A21867718400}
	EndGlobalSection
EndGlobal
